Microsoft Visual Studio Solution File, Format Version 12.00
# Visual Studio Version 17
VisualStudioVersion = 17.5.2.0
MinimumVisualStudioVersion = 10.0.40219.1
Project("{FAE04EC0-301F-11D3-BF4B-00C04F79EFBC}") = "NdlocrLiteApi", "NdlocrLiteApi.csproj", "{B8780AC3-D11A-49A5-907C-F1E7B6A520E4}"
EndProject
Global
	GlobalSection(SolutionConfigurationPlatforms) = preSolution
		Debug|Any CPU = Debug|Any CPU
		Release|Any CPU = Release|Any CPU
	EndGlobalSection
	GlobalSection(ProjectConfigurationPlatforms) = postSolution
		{B8780AC3-D11A-49A5-907C-F1E7B6A520E4}.Debug|Any CPU.ActiveCfg = Debug|Any CPU
		{B8780AC3-D11A-49A5-907C-F1E7B6A520E4}.Debug|Any CPU.Build.0 = Debug|Any CPU
		{B8780AC3-D11A-49A5-907C-F1E7B6A520E4}.Release|Any CPU.ActiveCfg = Release|Any CPU
		{B8780AC3-D11A-49A5-907C-F1E7B6A520E4}.Release|Any CPU.Build.0 = Release|Any CPU
	EndGlobalSection
	GlobalSection(SolutionProperties) = preSolution
		HideSolutionNode = FALSE
	EndGlobalSection
	GlobalSection(ExtensibilityGlobals) = postSolution
		SolutionGuid = {CF721461-46F2-4583-8A0E-A714CDC74D54}
	EndGlobalSection
EndGlobal
